
Microsoft Visual Studio Solution File, Format Version 12.00
Project("{FAE04EC0-301F-11D3-BF4B-00C04F79EFBC}") = "TestMauiApp", "TestMauiApp\TestMauiApp.csproj", "{89DB143E-5C47-4DEB-A93F-3DA4DE782661}"
EndProject
Project("{FAE04EC0-301F-11D3-BF4B-00C04F79EFBC}") = "TestMauiBackend", "TestMauiBackend\TestMauiBackend.csproj", "{C6E01A3E-29DA-4DDF-B6CF-F45B92BD8389}"
EndProject
Global
	GlobalSection(SolutionConfigurationPlatforms) = preSolution
		Debug|Any CPU = Debug|Any CPU
		Release|Any CPU = Release|Any CPU
	EndGlobalSection
	GlobalSection(ProjectConfigurationPlatforms) = postSolution
		{89DB143E-5C47-4DEB-A93F-3DA4DE782661}.Debug|Any CPU.ActiveCfg = Debug|Any CPU
		{89DB143E-5C47-4DEB-A93F-3DA4DE782661}.Debug|Any CPU.Build.0 = Debug|Any CPU
		{89DB143E-5C47-4DEB-A93F-3DA4DE782661}.Release|Any CPU.ActiveCfg = Release|Any CPU
		{89DB143E-5C47-4DEB-A93F-3DA4DE782661}.Release|Any CPU.Build.0 = Release|Any CPU
		{C6E01A3E-29DA-4DDF-B6CF-F45B92BD8389}.Debug|Any CPU.ActiveCfg = Debug|Any CPU
		{C6E01A3E-29DA-4DDF-B6CF-F45B92BD8389}.Debug|Any CPU.Build.0 = Debug|Any CPU
		{C6E01A3E-29DA-4DDF-B6CF-F45B92BD8389}.Release|Any CPU.ActiveCfg = Release|Any CPU
		{C6E01A3E-29DA-4DDF-B6CF-F45B92BD8389}.Release|Any CPU.Build.0 = Release|Any CPU
	EndGlobalSection
EndGlobal
